// !$*UTF8*$!
{
	archiveVersion = 1;
	classes = {
	};
	objectVersion = 51;
	objects = {

/* Begin PBXBuildFile section */
		3F954AEED63405E0A08C7E51 /* Pods_VIPER_ListSimpsonQuotes.framework in Frameworks */ = {isa = PBXBuildFile; fileRef = F8343523723FF18ACD7DCF18 /* Pods_VIPER_ListSimpsonQuotes.framework */; };
		CD5C2249256F249F00B67777 /* DetailQuotesPresenter.swift in Sources */ = {isa = PBXBuildFile; fileRef = CD5C2242256F249F00B67777 /* DetailQuotesPresenter.swift */; };
		CD5C224A256F249F00B67777 /* DetailQuotesLocalDataManager.swift in Sources */ = {isa = PBXBuildFile; fileRef = CD5C2243256F249F00B67777 /* DetailQuotesLocalDataManager.swift */; };
		CD5C224B256F249F00B67777 /* DetailQuotesProtocols.swift in Sources */ = {isa = PBXBuildFile; fileRef = CD5C2244256F249F00B67777 /* DetailQuotesProtocols.swift */; };
		CD5C224C256F249F00B67777 /* DetailQuotesInteractor.swift in Sources */ = {isa = PBXBuildFile; fileRef = CD5C2245256F249F00B67777 /* DetailQuotesInteractor.swift */; };
		CD5C224D256F249F00B67777 /* DetailQuotesView.swift in Sources */ = {isa = PBXBuildFile; fileRef = CD5C2246256F249F00B67777 /* DetailQuotesView.swift */; };
		CD5C224E256F249F00B67777 /* DetailQuotesRemoteDataManager.swift in Sources */ = {isa = PBXBuildFile; fileRef = CD5C2247256F249F00B67777 /* DetailQuotesRemoteDataManager.swift */; };
		CD5C224F256F249F00B67777 /* DetailQuotesWireFrame.swift in Sources */ = {isa = PBXBuildFile; fileRef = CD5C2248256F249F00B67777 /* DetailQuotesWireFrame.swift */; };
		CD6B42632565F26200CD3660 /* AppDelegate.swift in Sources */ = {isa = PBXBuildFile; fileRef = CD6B42622565F26200CD3660 /* AppDelegate.swift */; };
		CD6B42652565F26200CD3660 /* SceneDelegate.swift in Sources */ = {isa = PBXBuildFile; fileRef = CD6B42642565F26200CD3660 /* SceneDelegate.swift */; };
		CD6B426C2565F26300CD3660 /* Assets.xcassets in Resources */ = {isa = PBXBuildFile; fileRef = CD6B426B2565F26300CD3660 /* Assets.xcassets */; };
		CD6B426F2565F26300CD3660 /* LaunchScreen.storyboard in Resources */ = {isa = PBXBuildFile; fileRef = CD6B426D2565F26300CD3660 /* LaunchScreen.storyboard */; };
		CD6B428F2566D9BA00CD3660 /* Endpoints.swift in Sources */ = {isa = PBXBuildFile; fileRef = CD6B42882566D9BA00CD3660 /* Endpoints.swift */; };
		CD6B42902566D9BA00CD3660 /* APIManager.swift in Sources */ = {isa = PBXBuildFile; fileRef = CD6B42892566D9BA00CD3660 /* APIManager.swift */; };
		CD6B42912566D9BA00CD3660 /* APIClient.swift in Sources */ = {isa = PBXBuildFile; fileRef = CD6B428A2566D9BA00CD3660 /* APIClient.swift */; };
		CD6B42922566D9BA00CD3660 /* KingfisherService.swift in Sources */ = {isa = PBXBuildFile; fileRef = CD6B428B2566D9BA00CD3660 /* KingfisherService.swift */; };
		CD6B42932566D9BA00CD3660 /* QuoteService.swift in Sources */ = {isa = PBXBuildFile; fileRef = CD6B428C2566D9BA00CD3660 /* QuoteService.swift */; };
		CD6B42942566D9BA00CD3660 /* Quote.swift in Sources */ = {isa = PBXBuildFile; fileRef = CD6B428D2566D9BA00CD3660 /* Quote.swift */; };
		CD6B42952566D9BA00CD3660 /* ImageDataService.swift in Sources */ = {isa = PBXBuildFile; fileRef = CD6B428E2566D9BA00CD3660 /* ImageDataService.swift */; };
		CD9F50E4256741F8004DDD3B /* QuotesPresenter.swift in Sources */ = {isa = PBXBuildFile; fileRef = CD9F50DD256741F8004DDD3B /* QuotesPresenter.swift */; };
		CD9F50E5256741F8004DDD3B /* QuotesLocalDataManager.swift in Sources */ = {isa = PBXBuildFile; fileRef = CD9F50DE256741F8004DDD3B /* QuotesLocalDataManager.swift */; };
		CD9F50E6256741F8004DDD3B /* QuotesProtocols.swift in Sources */ = {isa = PBXBuildFile; fileRef = CD9F50DF256741F8004DDD3B /* QuotesProtocols.swift */; };
		CD9F50E7256741F8004DDD3B /* QuotesInteractor.swift in Sources */ = {isa = PBXBuildFile; fileRef = CD9F50E0256741F8004DDD3B /* QuotesInteractor.swift */; };
		CD9F50E8256741F8004DDD3B /* QuotesView.swift in Sources */ = {isa = PBXBuildFile; fileRef = CD9F50E1256741F8004DDD3B /* QuotesView.swift */; };
		CD9F50E9256741F8004DDD3B /* QuotesRemoteDataManager.swift in Sources */ = {isa = PBXBuildFile; fileRef = CD9F50E2256741F8004DDD3B /* QuotesRemoteDataManager.swift */; };
		CD9F50EA256741F8004DDD3B /* QuotesWireFrame.swift in Sources */ = {isa = PBXBuildFile; fileRef = CD9F50E3256741F8004DDD3B /* QuotesWireFrame.swift */; };
/* End PBXBuildFile section */

/* Begin PBXFileReference section */
		1A86D5FF00BE552A5C502DBE /* Pods-VIPER-ListSimpsonQuotes.release.xcconfig */ = {isa = PBXFileReference; includeInIndex = 1; lastKnownFileType = text.xcconfig; name = "Pods-VIPER-ListSimpsonQuotes.release.xcconfig"; path = "Target Support Files/Pods-VIPER-ListSimpsonQuotes/Pods-VIPER-ListSimpsonQuotes.release.xcconfig"; sourceTree = "<group>"; };
		78F8174E6C98FCB23EAC39CA /* Pods-VIPER-ListSimpsonQuotes.debug.xcconfig */ = {isa = PBXFileReference; includeInIndex = 1; lastKnownFileType = text.xcconfig; name = "Pods-VIPER-ListSimpsonQuotes.debug.xcconfig"; path = "Target Support Files/Pods-VIPER-ListSimpsonQuotes/Pods-VIPER-ListSimpsonQuotes.debug.xcconfig"; sourceTree = "<group>"; };
		CD5C2242256F249F00B67777 /* DetailQuotesPresenter.swift */ = {isa = PBXFileReference; lastKnownFileType = sourcecode.swift; path = DetailQuotesPresenter.swift; sourceTree = "<group>"; };
		CD5C2243256F249F00B67777 /* DetailQuotesLocalDataManager.swift */ = {isa = PBXFileReference; lastKnownFileType = sourcecode.swift; path = DetailQuotesLocalDataManager.swift; sourceTree = "<group>"; };
		CD5C2244256F249F00B67777 /* DetailQuotesProtocols.swift */ = {isa = PBXFileReference; lastKnownFileType = sourcecode.swift; path = DetailQuotesProtocols.swift; sourceTree = "<group>"; };
		CD5C2245256F249F00B67777 /* DetailQuotesInteractor.swift */ = {isa = PBXFileReference; lastKnownFileType = sourcecode.swift; path = DetailQuotesInteractor.swift; sourceTree = "<group>"; };
		CD5C2246256F249F00B67777 /* DetailQuotesView.swift */ = {isa = PBXFileReference; lastKnownFileType = sourcecode.swift; path = DetailQuotesView.swift; sourceTree = "<group>"; };
		CD5C2247256F249F00B67777 /* DetailQuotesRemoteDataManager.swift */ = {isa = PBXFileReference; lastKnownFileType = sourcecode.swift; path = DetailQuotesRemoteDataManager.swift; sourceTree = "<group>"; };
		CD5C2248256F249F00B67777 /* DetailQuotesWireFrame.swift */ = {isa = PBXFileReference; lastKnownFileType = sourcecode.swift; path = DetailQuotesWireFrame.swift; sourceTree = "<group>"; };
		CD6B425F2565F26200CD3660 /* VIPER-ListSimpsonQuotes.app */ = {isa = PBXFileReference; explicitFileType = wrapper.application; includeInIndex = 0; path = "VIPER-ListSimpsonQuotes.app"; sourceTree = BUILT_PRODUCTS_DIR; };
		CD6B42622565F26200CD3660 /* AppDelegate.swift */ = {isa = PBXFileReference; lastKnownFileType = sourcecode.swift; path = AppDelegate.swift; sourceTree = "<group>"; };
		CD6B42642565F26200CD3660 /* SceneDelegate.swift */ = {isa = PBXFileReference; lastKnownFileType = sourcecode.swift; path = SceneDelegate.swift; sourceTree = "<group>"; };
		CD6B426B2565F26300CD3660 /* Assets.xcassets */ = {isa = PBXFileReference; lastKnownFileType = folder.assetcatalog; path = Assets.xcassets; sourceTree = "<group>"; };
		CD6B426E2565F26300CD3660 /* Base */ = {isa = PBXFileReference; lastKnownFileType = file.storyboard; name = Base; path = Base.lproj/LaunchScreen.storyboard; sourceTree = "<group>"; };
		CD6B42702565F26300CD3660 /* Info.plist */ = {isa = PBXFileReference; lastKnownFileType = text.plist.xml; path = Info.plist; sourceTree = "<group>"; };
		CD6B42882566D9BA00CD3660 /* Endpoints.swift */ = {isa = PBXFileReference; fileEncoding = 4; lastKnownFileType = sourcecode.swift; path = Endpoints.swift; sourceTree = "<group>"; };
		CD6B42892566D9BA00CD3660 /* APIManager.swift */ = {isa = PBXFileReference; fileEncoding = 4; lastKnownFileType = sourcecode.swift; path = APIManager.swift; sourceTree = "<group>"; };
		CD6B428A2566D9BA00CD3660 /* APIClient.swift */ = {isa = PBXFileReference; fileEncoding = 4; lastKnownFileType = sourcecode.swift; path = APIClient.swift; sourceTree = "<group>"; };
		CD6B428B2566D9BA00CD3660 /* KingfisherService.swift */ = {isa = PBXFileReference; fileEncoding = 4; lastKnownFileType = sourcecode.swift; path = KingfisherService.swift; sourceTree = "<group>"; };
		CD6B428C2566D9BA00CD3660 /* QuoteService.swift */ = {isa = PBXFileReference; fileEncoding = 4; lastKnownFileType = sourcecode.swift; path = QuoteService.swift; sourceTree = "<group>"; };
		CD6B428D2566D9BA00CD3660 /* Quote.swift */ = {isa = PBXFileReference; fileEncoding = 4; lastKnownFileType = sourcecode.swift; path = Quote.swift; sourceTree = "<group>"; };
		CD6B428E2566D9BA00CD3660 /* ImageDataService.swift */ = {isa = PBXFileReference; fileEncoding = 4; lastKnownFileType = sourcecode.swift; path = ImageDataService.swift; sourceTree = "<group>"; };
		CD9F50DD256741F8004DDD3B /* QuotesPresenter.swift */ = {isa = PBXFileReference; lastKnownFileType = sourcecode.swift; path = QuotesPresenter.swift; sourceTree = "<group>"; };
		CD9F50DE256741F8004DDD3B /* QuotesLocalDataManager.swift */ = {isa = PBXFileReference; lastKnownFileType = sourcecode.swift; path = QuotesLocalDataManager.swift; sourceTree = "<group>"; };
		CD9F50DF256741F8004DDD3B /* QuotesProtocols.swift */ = {isa = PBXFileReference; lastKnownFileType = sourcecode.swift; path = QuotesProtocols.swift; sourceTree = "<group>"; };
		CD9F50E0256741F8004DDD3B /* QuotesInteractor.swift */ = {isa = PBXFileReference; lastKnownFileType = sourcecode.swift; path = QuotesInteractor.swift; sourceTree = "<group>"; };
		CD9F50E1256741F8004DDD3B /* QuotesView.swift */ = {isa = PBXFileReference; lastKnownFileType = sourcecode.swift; path = QuotesView.swift; sourceTree = "<group>"; };
		CD9F50E2256741F8004DDD3B /* QuotesRemoteDataManager.swift */ = {isa = PBXFileReference; lastKnownFileType = sourcecode.swift; path = QuotesRemoteDataManager.swift; sourceTree = "<group>"; };
		CD9F50E3256741F8004DDD3B /* QuotesWireFrame.swift */ = {isa = PBXFileReference; lastKnownFileType = sourcecode.swift; path = QuotesWireFrame.swift; sourceTree = "<group>"; };
		F8343523723FF18ACD7DCF18 /* Pods_VIPER_ListSimpsonQuotes.framework */ = {isa = PBXFileReference; explicitFileType = wrapper.framework; includeInIndex = 0; path = Pods_VIPER_ListSimpsonQuotes.framework; sourceTree = BUILT_PRODUCTS_DIR; };
/* End PBXFileReference section */

/* Begin PBXFrameworksBuildPhase section */
		CD6B425C2565F26200CD3660 /* Frameworks */ = {
			isa = PBXFrameworksBuildPhase;
			buildActionMask = 2147483647;
			files = (
				3F954AEED63405E0A08C7E51 /* Pods_VIPER_ListSimpsonQuotes.framework in Frameworks */,
			);
			runOnlyForDeploymentPostprocessing = 0;
		};
/* End PBXFrameworksBuildPhase section */

/* Begin PBXGroup section */
		02BAED6676E8AB8DF1802DDE /* Frameworks */ = {
			isa = PBXGroup;
			children = (
				F8343523723FF18ACD7DCF18 /* Pods_VIPER_ListSimpsonQuotes.framework */,
			);
			name = Frameworks;
			sourceTree = "<group>";
		};
		77682A14F9F339860621D1C8 /* Pods */ = {
			isa = PBXGroup;
			children = (
				78F8174E6C98FCB23EAC39CA /* Pods-VIPER-ListSimpsonQuotes.debug.xcconfig */,
				1A86D5FF00BE552A5C502DBE /* Pods-VIPER-ListSimpsonQuotes.release.xcconfig */,
			);
			path = Pods;
			sourceTree = "<group>";
		};
		CD5C2241256F248700B67777 /* DetailQuotes */ = {
			isa = PBXGroup;
			children = (
				CD5C2242256F249F00B67777 /* DetailQuotesPresenter.swift */,
				CD5C2243256F249F00B67777 /* DetailQuotesLocalDataManager.swift */,
				CD5C2244256F249F00B67777 /* DetailQuotesProtocols.swift */,
				CD5C2245256F249F00B67777 /* DetailQuotesInteractor.swift */,
				CD5C2246256F249F00B67777 /* DetailQuotesView.swift */,
				CD5C2247256F249F00B67777 /* DetailQuotesRemoteDataManager.swift */,
				CD5C2248256F249F00B67777 /* DetailQuotesWireFrame.swift */,
			);
			path = DetailQuotes;
			sourceTree = "<group>";
		};
		CD6B42562565F26200CD3660 = {
			isa = PBXGroup;
			children = (
				CD6B42612565F26200CD3660 /* VIPER-ListSimpsonQuotes */,
				CD6B42602565F26200CD3660 /* Products */,
				77682A14F9F339860621D1C8 /* Pods */,
				02BAED6676E8AB8DF1802DDE /* Frameworks */,
			);
			sourceTree = "<group>";
		};
		CD6B42602565F26200CD3660 /* Products */ = {
			isa = PBXGroup;
			children = (
				CD6B425F2565F26200CD3660 /* VIPER-ListSimpsonQuotes.app */,
			);
			name = Products;
			sourceTree = "<group>";
		};
		CD6B42612565F26200CD3660 /* VIPER-ListSimpsonQuotes */ = {
			isa = PBXGroup;
			children = (
				CD6B42622565F26200CD3660 /* AppDelegate.swift */,
				CD6B42642565F26200CD3660 /* SceneDelegate.swift */,
				CD9F50DB256741D4004DDD3B /* Modules */,
				CD6B428A2566D9BA00CD3660 /* APIClient.swift */,
				CD6B42892566D9BA00CD3660 /* APIManager.swift */,
				CD6B42882566D9BA00CD3660 /* Endpoints.swift */,
				CD6B428E2566D9BA00CD3660 /* ImageDataService.swift */,
				CD6B428B2566D9BA00CD3660 /* KingfisherService.swift */,
				CD6B428D2566D9BA00CD3660 /* Quote.swift */,
				CD6B428C2566D9BA00CD3660 /* QuoteService.swift */,
				CD6B426B2565F26300CD3660 /* Assets.xcassets */,
				CD6B426D2565F26300CD3660 /* LaunchScreen.storyboard */,
				CD6B42702565F26300CD3660 /* Info.plist */,
			);
			path = "VIPER-ListSimpsonQuotes";
			sourceTree = "<group>";
		};
		CD9F50DB256741D4004DDD3B /* Modules */ = {
			isa = PBXGroup;
			children = (
				CD5C2241256F248700B67777 /* DetailQuotes */,
				CD9F50DC256741DB004DDD3B /* Quotes */,
			);
			path = Modules;
			sourceTree = "<group>";
		};
		CD9F50DC256741DB004DDD3B /* Quotes */ = {
			isa = PBXGroup;
			children = (
				CD9F50DD256741F8004DDD3B /* QuotesPresenter.swift */,
				CD9F50DE256741F8004DDD3B /* QuotesLocalDataManager.swift */,
				CD9F50DF256741F8004DDD3B /* QuotesProtocols.swift */,
				CD9F50E0256741F8004DDD3B /* QuotesInteractor.swift */,
				CD9F50E1256741F8004DDD3B /* QuotesView.swift */,
				CD9F50E2256741F8004DDD3B /* QuotesRemoteDataManager.swift */,
				CD9F50E3256741F8004DDD3B /* QuotesWireFrame.swift */,
			);
			path = Quotes;
			sourceTree = "<group>";
		};
/* End PBXGroup section */

/* Begin PBXNativeTarget section */
		CD6B425E2565F26200CD3660 /* VIPER-ListSimpsonQuotes */ = {
			isa = PBXNativeTarget;
			buildConfigurationList = CD6B42732565F26300CD3660 /* Build configuration list for PBXNativeTarget "VIPER-ListSimpsonQuotes" */;
			buildPhases = (
				6983473A858241C0B0C23684 /* [CP] Check Pods Manifest.lock */,
				CD6B425B2565F26200CD3660 /* Sources */,
				CD6B425C2565F26200CD3660 /* Frameworks */,
				CD6B425D2565F26200CD3660 /* Resources */,
				560BA59D86009097EC5A5099 /* [CP] Embed Pods Frameworks */,
			);
			buildRules = (
			);
			dependencies = (
			);
			name = "VIPER-ListSimpsonQuotes";
			productName = "VIPER-ListSimpsonQuotes";
			productReference = CD6B425F2565F26200CD3660 /* VIPER-ListSimpsonQuotes.app */;
			productType = "com.apple.product-type.application";
		};
/* End PBXNativeTarget section */

/* Begin PBXProject section */
		CD6B42572565F26200CD3660 /* Project object */ = {
			isa = PBXProject;
			attributes = {
				LastSwiftUpdateCheck = 1220;
				LastUpgradeCheck = 1220;
				TargetAttributes = {
					CD6B425E2565F26200CD3660 = {
						CreatedOnToolsVersion = 12.2;
					};
				};
			};
			buildConfigurationList = CD6B425A2565F26200CD3660 /* Build configuration list for PBXProject "VIPER-ListSimpsonQuotes" */;
			compatibilityVersion = "Xcode 9.3";
			developmentRegion = en;
			hasScannedForEncodings = 0;
			knownRegions = (
				en,
				Base,
			);
			mainGroup = CD6B42562565F26200CD3660;
			productRefGroup = CD6B42602565F26200CD3660 /* Products */;
			projectDirPath = "";
			projectRoot = "";
			targets = (
				CD6B425E2565F26200CD3660 /* VIPER-ListSimpsonQuotes */,
			);
		};
/* End PBXProject section */

/* Begin PBXResourcesBuildPhase section */
		CD6B425D2565F26200CD3660 /* Resources */ = {
			isa = PBXResourcesBuildPhase;
			buildActionMask = 2147483647;
			files = (
				CD6B426F2565F26300CD3660 /* LaunchScreen.storyboard in Resources */,
				CD6B426C2565F26300CD3660 /* Assets.xcassets in Resources */,
			);
			runOnlyForDeploymentPostprocessing = 0;
		};
/* End PBXResourcesBuildPhase section */

/* Begin PBXShellScriptBuildPhase section */
		560BA59D86009097EC5A5099 /* [CP] Embed Pods Frameworks */ = {
			isa = PBXShellScriptBuildPhase;
			buildActionMask = 2147483647;
			files = (
			);
			inputFileListPaths = (
				"${PODS_ROOT}/Target Support Files/Pods-VIPER-ListSimpsonQuotes/Pods-VIPER-ListSimpsonQuotes-frameworks-${CONFIGURATION}-input-files.xcfilelist",
			);
			name = "[CP] Embed Pods Frameworks";
			outputFileListPaths = (
				"${PODS_ROOT}/Target Support Files/Pods-VIPER-ListSimpsonQuotes/Pods-VIPER-ListSimpsonQuotes-frameworks-${CONFIGURATION}-output-files.xcfilelist",
			);
			runOnlyForDeploymentPostprocessing = 0;
			shellPath = /bin/sh;
			shellScript = "\"${PODS_ROOT}/Target Support Files/Pods-VIPER-ListSimpsonQuotes/Pods-VIPER-ListSimpsonQuotes-frameworks.sh\"\n";
			showEnvVarsInLog = 0;
		};
		6983473A858241C0B0C23684 /* [CP] Check Pods Manifest.lock */ = {
			isa = PBXShellScriptBuildPhase;
			buildActionMask = 2147483647;
			files = (
			);
			inputFileListPaths = (
			);
			inputPaths = (
				"${PODS_PODFILE_DIR_PATH}/Podfile.lock",
				"${PODS_ROOT}/Manifest.lock",
			);
			name = "[CP] Check Pods Manifest.lock";
			outputFileListPaths = (
			);
			outputPaths = (
				"$(DERIVED_FILE_DIR)/Pods-VIPER-ListSimpsonQuotes-checkManifestLockResult.txt",
			);
			runOnlyForDeploymentPostprocessing = 0;
			shellPath = /bin/sh;
			shellScript = "diff \"${PODS_PODFILE_DIR_PATH}/Podfile.lock\" \"${PODS_ROOT}/Manifest.lock\" > /dev/null\nif [ $? != 0 ] ; then\n    # print error to STDERR\n    echo \"error: The sandbox is not in sync with the Podfile.lock. Run 'pod install' or update your CocoaPods installation.\" >&2\n    exit 1\nfi\n# This output is used by Xcode 'outputs' to avoid re-running this script phase.\necho \"SUCCESS\" > \"${SCRIPT_OUTPUT_FILE_0}\"\n";
			showEnvVarsInLog = 0;
		};
/* End PBXShellScriptBuildPhase section */

/* Begin PBXSourcesBuildPhase section */
		CD6B425B2565F26200CD3660 /* Sources */ = {
			isa = PBXSourcesBuildPhase;
			buildActionMask = 2147483647;
			files = (
				CD9F50E5256741F8004DDD3B /* QuotesLocalDataManager.swift in Sources */,
				CD9F50EA256741F8004DDD3B /* QuotesWireFrame.swift in Sources */,
				CD5C224C256F249F00B67777 /* DetailQuotesInteractor.swift in Sources */,
				CD6B42922566D9BA00CD3660 /* KingfisherService.swift in Sources */,
				CD6B42952566D9BA00CD3660 /* ImageDataService.swift in Sources */,
				CD9F50E7256741F8004DDD3B /* QuotesInteractor.swift in Sources */,
				CD5C224B256F249F00B67777 /* DetailQuotesProtocols.swift in Sources */,
				CD9F50E6256741F8004DDD3B /* QuotesProtocols.swift in Sources */,
				CD5C224D256F249F00B67777 /* DetailQuotesView.swift in Sources */,
				CD9F50E4256741F8004DDD3B /* QuotesPresenter.swift in Sources */,
				CD6B42632565F26200CD3660 /* AppDelegate.swift in Sources */,
				CD6B42902566D9BA00CD3660 /* APIManager.swift in Sources */,
				CD6B42942566D9BA00CD3660 /* Quote.swift in Sources */,
				CD5C224F256F249F00B67777 /* DetailQuotesWireFrame.swift in Sources */,
				CD9F50E9256741F8004DDD3B /* QuotesRemoteDataManager.swift in Sources */,
				CD6B42932566D9BA00CD3660 /* QuoteService.swift in Sources */,
				CD6B428F2566D9BA00CD3660 /* Endpoints.swift in Sources */,
				CD6B42652565F26200CD3660 /* SceneDelegate.swift in Sources */,
				CD5C2249256F249F00B67777 /* DetailQuotesPresenter.swift in Sources */,
				CD5C224A256F249F00B67777 /* DetailQuotesLocalDataManager.swift in Sources */,
				CD6B42912566D9BA00CD3660 /* APIClient.swift in Sources */,
				CD9F50E8256741F8004DDD3B /* QuotesView.swift in Sources */,
				CD5C224E256F249F00B67777 /* DetailQuotesRemoteDataManager.swift in Sources */,
			);
			runOnlyForDeploymentPostprocessing = 0;
		};
/* End PBXSourcesBuildPhase section */

/* Begin PBXVariantGroup section */
		CD6B426D2565F26300CD3660 /* LaunchScreen.storyboard */ = {
			isa = PBXVariantGroup;
			children = (
				CD6B426E2565F26300CD3660 /* Base */,
			);
			name = LaunchScreen.storyboard;
			sourceTree = "<group>";
		};
/* End PBXVariantGroup section */

/* Begin XCBuildConfiguration section */
		CD6B42712565F26300CD3660 /* Debug */ = {
			isa = XCBuildConfiguration;
			buildSettings = {
				ALWAYS_SEARCH_USER_PATHS = NO;
				CLANG_ANALYZER_NONNULL = YES;
				CLANG_ANALYZER_NUMBER_OBJECT_CONVERSION = YES_AGGRESSIVE;
				CLANG_CXX_LANGUAGE_STANDARD = "gnu++14";
				CLANG_CXX_LIBRARY = "libc++";
				CLANG_ENABLE_MODULES = YES;
				CLANG_ENABLE_OBJC_ARC = YES;
				CLANG_ENABLE_OBJC_WEAK = YES;
				CLANG_WARN_BLOCK_CAPTURE_AUTORELEASING = YES;
				CLANG_WARN_BOOL_CONVERSION = YES;
				CLANG_WARN_COMMA = YES;
				CLANG_WARN_CONSTANT_CONVERSION = YES;
				CLANG_WARN_DEPRECATED_OBJC_IMPLEMENTATIONS = YES;
				CLANG_WARN_DIRECT_OBJC_ISA_USAGE = YES_ERROR;
				CLANG_WARN_DOCUMENTATION_COMMENTS = YES;
				CLANG_WARN_EMPTY_BODY = YES;
				CLANG_WARN_ENUM_CONVERSION = YES;
				CLANG_WARN_INFINITE_RECURSION = YES;
				CLANG_WARN_INT_CONVERSION = YES;
				CLANG_WARN_NON_LITERAL_NULL_CONVERSION = YES;
				CLANG_WARN_OBJC_IMPLICIT_RETAIN_SELF = YES;
				CLANG_WARN_OBJC_LITERAL_CONVERSION = YES;
				CLANG_WARN_OBJC_ROOT_CLASS = YES_ERROR;
				CLANG_WARN_QUOTED_INCLUDE_IN_FRAMEWORK_HEADER = YES;
				CLANG_WARN_RANGE_LOOP_ANALYSIS = YES;
				CLANG_WARN_STRICT_PROTOTYPES = YES;
				CLANG_WARN_SUSPICIOUS_MOVE = YES;
				CLANG_WARN_UNGUARDED_AVAILABILITY = YES_AGGRESSIVE;
				CLANG_WARN_UNREACHABLE_CODE = YES;
				CLANG_WARN__DUPLICATE_METHOD_MATCH = YES;
				COPY_PHASE_STRIP = NO;
				DEBUG_INFORMATION_FORMAT = dwarf;
				ENABLE_STRICT_OBJC_MSGSEND = YES;
				ENABLE_TESTABILITY = YES;
				GCC_C_LANGUAGE_STANDARD = gnu11;
				GCC_DYNAMIC_NO_PIC = NO;
				GCC_NO_COMMON_BLOCKS = YES;
				GCC_OPTIMIZATION_LEVEL = 0;
				GCC_PREPROCESSOR_DEFINITIONS = (
					"DEBUG=1",
					"$(inherited)",
				);
				GCC_WARN_64_TO_32_BIT_CONVERSION = YES;
				GCC_WARN_ABOUT_RETURN_TYPE = YES_ERROR;
				GCC_WARN_UNDECLARED_SELECTOR = YES;
				GCC_WARN_UNINITIALIZED_AUTOS = YES_AGGRESSIVE;
				GCC_WARN_UNUSED_FUNCTION = YES;
				GCC_WARN_UNUSED_VARIABLE = YES;
				IPHONEOS_DEPLOYMENT_TARGET = 14.2;
				MTL_ENABLE_DEBUG_INFO = INCLUDE_SOURCE;
				MTL_FAST_MATH = YES;
				ONLY_ACTIVE_ARCH = YES;
				SDKROOT = iphoneos;
				SWIFT_ACTIVE_COMPILATION_CONDITIONS = DEBUG;
				SWIFT_OPTIMIZATION_LEVEL = "-Onone";
			};
			name = Debug;
		};
		CD6B42722565F26300CD3660 /* Release */ = {
			isa = XCBuildConfiguration;
			buildSettings = {
				ALWAYS_SEARCH_USER_PATHS = NO;
				CLANG_ANALYZER_NONNULL = YES;
				CLANG_ANALYZER_NUMBER_OBJECT_CONVERSION = YES_AGGRESSIVE;
				CLANG_CXX_LANGUAGE_STANDARD = "gnu++14";
				CLANG_CXX_LIBRARY = "libc++";
				CLANG_ENABLE_MODULES = YES;
				CLANG_ENABLE_OBJC_ARC = YES;
				CLANG_ENABLE_OBJC_WEAK = YES;
				CLANG_WARN_BLOCK_CAPTURE_AUTORELEASING = YES;
				CLANG_WARN_BOOL_CONVERSION = YES;
				CLANG_WARN_COMMA = YES;
				CLANG_WARN_CONSTANT_CONVERSION = YES;
				CLANG_WARN_DEPRECATED_OBJC_IMPLEMENTATIONS = YES;
				CLANG_WARN_DIRECT_OBJC_ISA_USAGE = YES_ERROR;
				CLANG_WARN_DOCUMENTATION_COMMENTS = YES;
				CLANG_WARN_EMPTY_BODY = YES;
				CLANG_WARN_ENUM_CONVERSION = YES;
				CLANG_WARN_INFINITE_RECURSION = YES;
				CLANG_WARN_INT_CONVERSION = YES;
				CLANG_WARN_NON_LITERAL_NULL_CONVERSION = YES;
				CLANG_WARN_OBJC_IMPLICIT_RETAIN_SELF = YES;
				CLANG_WARN_OBJC_LITERAL_CONVERSION = YES;
				CLANG_WARN_OBJC_ROOT_CLASS = YES_ERROR;
				CLANG_WARN_QUOTED_INCLUDE_IN_FRAMEWORK_HEADER = YES;
				CLANG_WARN_RANGE_LOOP_ANALYSIS = YES;
				CLANG_WARN_STRICT_PROTOTYPES = YES;
				CLANG_WARN_SUSPICIOUS_MOVE = YES;
				CLANG_WARN_UNGUARDED_AVAILABILITY = YES_AGGRESSIVE;
				CLANG_WARN_UNREACHABLE_CODE = YES;
				CLANG_WARN__DUPLICATE_METHOD_MATCH = YES;
				COPY_PHASE_STRIP = NO;
				DEBUG_INFORMATION_FORMAT = "dwarf-with-dsym";
				ENABLE_NS_ASSERTIONS = NO;
				ENABLE_STRICT_OBJC_MSGSEND = YES;
				GCC_C_LANGUAGE_STANDARD = gnu11;
				GCC_NO_COMMON_BLOCKS = YES;
				GCC_WARN_64_TO_32_BIT_CONVERSION = YES;
				GCC_WARN_ABOUT_RETURN_TYPE = YES_ERROR;
				GCC_WARN_UNDECLARED_SELECTOR = YES;
				GCC_WARN_UNINITIALIZED_AUTOS = YES_AGGRESSIVE;
				GCC_WARN_UNUSED_FUNCTION = YES;
				GCC_WARN_UNUSED_VARIABLE = YES;
				IPHONEOS_DEPLOYMENT_TARGET = 14.2;
				MTL_ENABLE_DEBUG_INFO = NO;
				MTL_FAST_MATH = YES;
				SDKROOT = iphoneos;
				SWIFT_COMPILATION_MODE = wholemodule;
				SWIFT_OPTIMIZATION_LEVEL = "-O";
				VALIDATE_PRODUCT = YES;
			};
			name = Release;
		};
		CD6B42742565F26300CD3660 /* Debug */ = {
			isa = XCBuildConfiguration;
			baseConfigurationReference = 78F8174E6C98FCB23EAC39CA /* Pods-VIPER-ListSimpsonQuotes.debug.xcconfig */;
			buildSettings = {
				ASSETCATALOG_COMPILER_APPICON_NAME = AppIcon;
				ASSETCATALOG_COMPILER_GLOBAL_ACCENT_COLOR_NAME = AccentColor;
				CODE_SIGN_STYLE = Automatic;
				DEVELOPMENT_TEAM = 8HT5VQ4X4G;
				INFOPLIST_FILE = "VIPER-ListSimpsonQuotes/Info.plist";
				IPHONEOS_DEPLOYMENT_TARGET = 13.0;
				LD_RUNPATH_SEARCH_PATHS = (
					"$(inherited)",
					"@executable_path/Frameworks",
				);
				PRODUCT_BUNDLE_IDENTIFIER = "com.victor.VIPER-ListSimpsonQuotes";
				PRODUCT_NAME = "$(TARGET_NAME)";
				SWIFT_VERSION = 5.0;
				TARGETED_DEVICE_FAMILY = 1;
			};
			name = Debug;
		};
		CD6B42752565F26300CD3660 /* Release */ = {
			isa = XCBuildConfiguration;
			baseConfigurationReference = 1A86D5FF00BE552A5C502DBE /* Pods-VIPER-ListSimpsonQuotes.release.xcconfig */;
			buildSettings = {
				ASSETCATALOG_COMPILER_APPICON_NAME = AppIcon;
				ASSETCATALOG_COMPILER_GLOBAL_ACCENT_COLOR_NAME = AccentColor;
				CODE_SIGN_STYLE = Automatic;
				DEVELOPMENT_TEAM = 8HT5VQ4X4G;
				INFOPLIST_FILE = "VIPER-ListSimpsonQuotes/Info.plist";
				IPHONEOS_DEPLOYMENT_TARGET = 13.0;
				LD_RUNPATH_SEARCH_PATHS = (
					"$(inherited)",
					"@executable_path/Frameworks",
				);
				PRODUCT_BUNDLE_IDENTIFIER = "com.victor.VIPER-ListSimpsonQuotes";
				PRODUCT_NAME = "$(TARGET_NAME)";
				SWIFT_VERSION = 5.0;
				TARGETED_DEVICE_FAMILY = 1;
			};
			name = Release;
		};
/* End XCBuildConfiguration section */

/* Begin XCConfigurationList section */
		CD6B425A2565F26200CD3660 /* Build configuration list for PBXProject "VIPER-ListSimpsonQuotes" */ = {
			isa = XCConfigurationList;
			buildConfigurations = (
				CD6B42712565F26300CD3660 /* Debug */,
				CD6B42722565F26300CD3660 /* Release */,
			);
			defaultConfigurationIsVisible = 0;
			defaultConfigurationName = Release;
		};
		CD6B42732565F26300CD3660 /* Build configuration list for PBXNativeTarget "VIPER-ListSimpsonQuotes" */ = {
			isa = XCConfigurationList;
			buildConfigurations = (
				CD6B42742565F26300CD3660 /* Debug */,
				CD6B42752565F26300CD3660 /* Release */,
			);
			defaultConfigurationIsVisible = 0;
			defaultConfigurationName = Release;
		};
/* End XCConfigurationList section */
	};
	rootObject = CD6B42572565F26200CD3660 /* Project object */;
}
